{
  "originHash" : "8bb5d3118db11dccd3024499eb90f85eb2ce26d41641aa4f201ce77d8affb86e",
  "pins" : [
    {
      "identity" : "devicekit",
      "kind" : "remoteSourceControl",
      "location" : "https://github.com/devicekit/DeviceKit.git",
      "state" : {
        "revision" : "56b997e8a61707218f9af09f32b2a1d1806fd792",
        "version" : "5.8.0"
      }
    }
  ],
  "version" : 3
}
